
Microsoft Visual Studio Solution File, Format Version 12.00
# Visual Studio Version 16
VisualStudioVersion = 16.0.30011.22
MinimumVisualStudioVersion = 10.0.40219.1
Project("{FAE04EC0-301F-11D3-BF4B-00C04F79EFBC}") = "MusicDB", "MusicDB.csproj", "{B949705D-B398-4157-A2D7-8F12265C0C43}"
EndProject
Global
	GlobalSection(SolutionConfigurationPlatforms) = preSolution
		Debug|Any CPU = Debug|Any CPU
		Release|Any CPU = Release|Any CPU
	EndGlobalSection
	GlobalSection(ProjectConfigurationPlatforms) = postSolution
		{B949705D-B398-4157-A2D7-8F12265C0C43}.Debug|Any CPU.ActiveCfg = Debug|Any CPU
		{B949705D-B398-4157-A2D7-8F12265C0C43}.Debug|Any CPU.Build.0 = Debug|Any CPU
		{B949705D-B398-4157-A2D7-8F12265C0C43}.Release|Any CPU.ActiveCfg = Release|Any CPU
		{B949705D-B398-4157-A2D7-8F12265C0C43}.Release|Any CPU.Build.0 = Release|Any CPU
	EndGlobalSection
	GlobalSection(SolutionProperties) = preSolution
		HideSolutionNode = FALSE
	EndGlobalSection
	GlobalSection(ExtensibilityGlobals) = postSolution
		SolutionGuid = {5862E9E0-089C-4C95-937D-7C6C6E674A29}
	EndGlobalSection
EndGlobal
